
Microsoft Visual Studio Solution File, Format Version 12.00
# Visual Studio Version 17
VisualStudioVersion = 17.1.32210.238
MinimumVisualStudioVersion = 10.0.40219.1
Project("{FAE04EC0-301F-11D3-BF4B-00C04F79EFBC}") = "ERPOpgave", "ERPOpgave\ERPOpgave.csproj", "{DAF62732-0B0F-4D27-B037-CEF7E166CC34}"
EndProject
Global
	GlobalSection(SolutionConfigurationPlatforms) = preSolution
		Debug|Any CPU = Debug|Any CPU
		Release|Any CPU = Release|Any CPU
	EndGlobalSection
	GlobalSection(ProjectConfigurationPlatforms) = postSolution
		{DAF62732-0B0F-4D27-B037-CEF7E166CC34}.Debug|Any CPU.ActiveCfg = Debug|Any CPU
		{DAF62732-0B0F-4D27-B037-CEF7E166CC34}.Debug|Any CPU.Build.0 = Debug|Any CPU
		{DAF62732-0B0F-4D27-B037-CEF7E166CC34}.Release|Any CPU.ActiveCfg = Release|Any CPU
		{DAF62732-0B0F-4D27-B037-CEF7E166CC34}.Release|Any CPU.Build.0 = Release|Any CPU
	EndGlobalSection
	GlobalSection(SolutionProperties) = preSolution
		HideSolutionNode = FALSE
	EndGlobalSection
	GlobalSection(ExtensibilityGlobals) = postSolution
		SolutionGuid = {11042F7B-44E8-4A8F-B022-567F94C526F4}
	EndGlobalSection
EndGlobal
